{
  "requires": true,
  "lockfileVersion": 1,
  "dependencies": {
    "@angular/animations": {
      "version": "6.0.3",
      "resolved": "http://registry.npm.taobao.org/@angular/animations/download/@angular/animations-6.0.3.tgz",
      "integrity": "sha1-cD8Yw7ctHfRGorUFm45RCY/VyJk=",
      "requires": {
        "tslib": "1.9.1"
      }
    },
    "tslib": {
      "version": "1.9.1",
      "resolved": "http://registry.npm.taobao.org/tslib/download/tslib-1.9.1.tgz",
      "integrity": "sha1-pdHwUypJIhyHdVz8yJyjcZckK6c="
    }
  }
}
